
Microsoft Visual Studio Solution File, Format Version 11.00
# Visual Studio 2010
Project("{FAE04EC0-301F-11D3-BF4B-00C04F79EFBC}") = "VuforiaTutorial", "Assembly-CSharp.csproj", "{75F1D3EE-AA5B-36DC-6316-EC9C34FEA893}"
EndProject
Project("{FAE04EC0-301F-11D3-BF4B-00C04F79EFBC}") = "VuforiaTutorial", "Assembly-CSharp-Editor.csproj", "{654619D5-3DF8-4119-883E-8A2DC8AA48A9}"
EndProject
Global
	GlobalSection(SolutionConfigurationPlatforms) = preSolution
		Debug|Any CPU = Debug|Any CPU
		Release|Any CPU = Release|Any CPU
	EndGlobalSection
	GlobalSection(ProjectConfigurationPlatforms) = postSolution
		{75F1D3EE-AA5B-36DC-6316-EC9C34FEA893}.Debug|Any CPU.ActiveCfg = Debug|Any CPU
		{75F1D3EE-AA5B-36DC-6316-EC9C34FEA893}.Debug|Any CPU.Build.0 = Debug|Any CPU
		{75F1D3EE-AA5B-36DC-6316-EC9C34FEA893}.Release|Any CPU.ActiveCfg = Release|Any CPU
		{75F1D3EE-AA5B-36DC-6316-EC9C34FEA893}.Release|Any CPU.Build.0 = Release|Any CPU
		{654619D5-3DF8-4119-883E-8A2DC8AA48A9}.Debug|Any CPU.ActiveCfg = Debug|Any CPU
		{654619D5-3DF8-4119-883E-8A2DC8AA48A9}.Debug|Any CPU.Build.0 = Debug|Any CPU
		{654619D5-3DF8-4119-883E-8A2DC8AA48A9}.Release|Any CPU.ActiveCfg = Release|Any CPU
		{654619D5-3DF8-4119-883E-8A2DC8AA48A9}.Release|Any CPU.Build.0 = Release|Any CPU
	EndGlobalSection
	GlobalSection(SolutionProperties) = preSolution
		HideSolutionNode = FALSE
	EndGlobalSection
	GlobalSection(MonoDevelopProperties) = preSolution
		StartupItem = Assembly-CSharp.csproj
	EndGlobalSection
EndGlobal
